lockfileVersion: '9.0'

settings:
  autoInstallPeers: true
  excludeLinksFromLockfile: false

importers:

  .:
    dependencies:
      node:
        specifier: runtime:^22.15.0
        version: runtime:22.21.1

  packages/a:
    dependencies:
      '@simplewebauthn/server':
        specifier: ^13.2.2
        version: 13.2.2
      node:
        specifier: runtime:^22.15.0
        version: runtime:22.21.1

packages:

  '@hexagon/base64@1.1.28':
    resolution: {integrity: sha512-lhqDEAvWixy3bZ+UOYbPwUbBkwBq5C1LAJ/xPC8Oi+lL54oyakv/npbA0aU2hgCsx/1NUd4IBvV03+aUBWxerw==}

  '@levischuck/tiny-cbor@0.2.11':
    resolution: {integrity: sha512-llBRm4dT4Z89aRsm6u2oEZ8tfwL/2l6BwpZ7JcyieouniDECM5AqNgr/y08zalEIvW3RSK4upYyybDcmjXqAow==}

  '@peculiar/asn1-android@2.6.0':
    resolution: {integrity: sha512-cBRCKtYPF7vJGN76/yG8VbxRcHLPF3HnkoHhKOZeHpoVtbMYfY9ROKtH3DtYUY9m8uI1Mh47PRhHf2hSK3xcSQ==}

  '@peculiar/asn1-cms@2.6.0':
    resolution: {integrity: sha512-2uZqP+ggSncESeUF/9Su8rWqGclEfEiz1SyU02WX5fUONFfkjzS2Z/F1Li0ofSmf4JqYXIOdCAZqIXAIBAT1OA==}

  '@peculiar/asn1-csr@2.6.0':
    resolution: {integrity: sha512-BeWIu5VpTIhfRysfEp73SGbwjjoLL/JWXhJ/9mo4vXnz3tRGm+NGm3KNcRzQ9VMVqwYS2RHlolz21svzRXIHPQ==}

  '@peculiar/asn1-ecc@2.6.0':
    resolution: {integrity: sha512-FF3LMGq6SfAOwUG2sKpPXblibn6XnEIKa+SryvUl5Pik+WR9rmRA3OCiwz8R3lVXnYnyRkSZsSLdml8H3UiOcw==}

  '@peculiar/asn1-pfx@2.6.0':
    resolution: {integrity: sha512-rtUvtf+tyKGgokHHmZzeUojRZJYPxoD/jaN1+VAB4kKR7tXrnDCA/RAWXAIhMJJC+7W27IIRGe9djvxKgsldCQ==}

  '@peculiar/asn1-pkcs8@2.6.0':
    resolution: {integrity: sha512-KyQ4D8G/NrS7Fw3XCJrngxmjwO/3htnA0lL9gDICvEQ+GJ+EPFqldcJQTwPIdvx98Tua+WjkdKHSC0/Km7T+lA==}

  '@peculiar/asn1-pkcs9@2.6.0':
    resolution: {integrity: sha512-b78OQ6OciW0aqZxdzliXGYHASeCvvw5caqidbpQRYW2mBtXIX2WhofNXTEe7NyxTb0P6J62kAAWLwn0HuMF1Fw==}

  '@peculiar/asn1-rsa@2.6.0':
    resolution: {integrity: sha512-Nu4C19tsrTsCp9fDrH+sdcOKoVfdfoQQ7S3VqjJU6vedR7tY3RLkQ5oguOIB3zFW33USDUuYZnPEQYySlgha4w==}

  '@peculiar/asn1-schema@2.6.0':
    resolution: {integrity: sha512-xNLYLBFTBKkCzEZIw842BxytQQATQv+lDTCEMZ8C196iJcJJMBUZxrhSTxLaohMyKK8QlzRNTRkUmanucnDSqg==}

  '@peculiar/asn1-x509-attr@2.6.0':
    resolution: {integrity: sha512-MuIAXFX3/dc8gmoZBkwJWxUWOSvG4MMDntXhrOZpJVMkYX+MYc/rUAU2uJOved9iJEoiUx7//3D8oG83a78UJA==}

  '@peculiar/asn1-x509@2.6.0':
    resolution: {integrity: sha512-uzYbPEpoQiBoTq0/+jZtpM6Gq6zADBx+JNFP3yqRgziWBxQ/Dt/HcuvRfm9zJTPdRcBqPNdaRHTVwpyiq6iNMA==}

  '@peculiar/x509@1.14.2':
    resolution: {integrity: sha512-r2w1Hg6pODDs0zfAKHkSS5HLkOLSeburtcgwvlLLWWCixw+MmW3U6kD5ddyvc2Y2YdbGuVwCF2S2ASoU1cFAag==}
    engines: {node: '>=22.0.0'}

  '@simplewebauthn/server@13.2.2':
    resolution: {integrity: sha512-HcWLW28yTMGXpwE9VLx9J+N2KEUaELadLrkPEEI9tpI5la70xNEVEsu/C+m3u7uoq4FulLqZQhgBCzR9IZhFpA==}
    engines: {node: '>=20.0.0'}

  asn1js@3.0.7:
    resolution: {integrity: sha512-uLvq6KJu04qoQM6gvBfKFjlh6Gl0vOKQuR5cJMDHQkmwfMOQeN3F3SHCv9SNYSL+CRoHvOGFfllDlVz03GQjvQ==}
    engines: {node: '>=12.0.0'}

  node@runtime:22.21.1:
    resolution:
      type: variations
      variants:
        - resolution:
            archive: tarball
            bin: bin/node
            integrity: sha256-nk72dIu8Vefev3klKaEIvCY1hZ9M5G0HdWaLJ8xcx1A=
            type: binary
            url: https://nodejs.org/download/release/v22.21.1/node-v22.21.1-aix-ppc64.tar.gz
          targets:
            - cpu: ppc64
              os: aix
        - resolution:
            archive: tarball
            bin: bin/node
            integrity: sha256-wXDWVU+6g9QdJads262FSHwHflH6c1GeQayIWqQp2K8=
            type: binary
            url: https://nodejs.org/download/release/v22.21.1/node-v22.21.1-darwin-arm64.tar.gz
          targets:
            - cpu: arm64
              os: darwin
        - resolution:
            archive: tarball
            bin: bin/node
            integrity: sha256-jj3IlhTevmbCpq0jE6GtsG6zfbbNbEDX3m99mH99Gv0=
            type: binary
            url: https://nodejs.org/download/release/v22.21.1/node-v22.21.1-darwin-x64.tar.gz
          targets:
            - cpu: x64
              os: darwin
        - resolution:
            archive: tarball
            bin: bin/node
            integrity: sha256-yGgw3t93+JQfqmxanIY7390ZJ6M2pGlD3swGo4+Av7I=
            type: binary
            url: https://nodejs.org/download/release/v22.21.1/node-v22.21.1-linux-arm64.tar.gz
          targets:
            - cpu: arm64
              os: linux
        - resolution:
            archive: tarball
            bin: bin/node
            integrity: sha256-QNPQmu5VarwpfdeChk/Ma55grNQ4/wZgup3c1WnACSA=
            type: binary
            url: https://nodejs.org/download/release/v22.21.1/node-v22.21.1-linux-armv7l.tar.gz
          targets:
            - cpu: armv7l
              os: linux
        - resolution:
            archive: tarball
            bin: bin/node
            integrity: sha256-sk9MGdVUbNQYZ06DveVtUKfCtl+ux6ZcNQLyhe6zqnA=
            type: binary
            url: https://nodejs.org/download/release/v22.21.1/node-v22.21.1-linux-ppc64le.tar.gz
          targets:
            - cpu: ppc64le
              os: linux
        - resolution:
            archive: tarball
            bin: bin/node
            integrity: sha256-fEa9SlErNfA6y5crKwT+zC1MR+NQaauajdXNjwCRGVo=
            type: binary
            url: https://nodejs.org/download/release/v22.21.1/node-v22.21.1-linux-s390x.tar.gz
          targets:
            - cpu: s390x
              os: linux
        - resolution:
            archive: tarball
            bin: bin/node
            integrity: sha256-IZoVLqhZhh11repXi97D3OgUOFPBPFGH9AxA53sBQ7I=
            type: binary
            url: https://nodejs.org/download/release/v22.21.1/node-v22.21.1-linux-x64.tar.gz
          targets:
            - cpu: x64
              os: linux
        - resolution:
            archive: zip
            bin: node.exe
            integrity: sha256-udf6rNC1QLi0ZkDbyPVvQgX/Y7ed7HANTwPTZZGwMY8=
            prefix: node-v22.21.1-win-arm64
            type: binary
            url: https://nodejs.org/download/release/v22.21.1/node-v22.21.1-win-arm64.zip
          targets:
            - cpu: arm64
              os: win32
        - resolution:
            archive: zip
            bin: node.exe
            integrity: sha256-PGJOn74H4yF1UuxSoPhOK9wub/pzSPP9+5+/j0LiP88=
            prefix: node-v22.21.1-win-x64
            type: binary
            url: https://nodejs.org/download/release/v22.21.1/node-v22.21.1-win-x64.zip
          targets:
            - cpu: x64
              os: win32
        - resolution:
            archive: zip
            bin: node.exe
            integrity: sha256-/K279FdbtlSulN5TKOd+Mj/zzqY2ByXQc7pW4sl1PlI=
            prefix: node-v22.21.1-win-x86
            type: binary
            url: https://nodejs.org/download/release/v22.21.1/node-v22.21.1-win-x86.zip
          targets:
            - cpu: x86
              os: win32
    version: 22.21.1
    hasBin: true

  pvtsutils@1.3.6:
    resolution: {integrity: sha512-PLgQXQ6H2FWCaeRak8vvk1GW462lMxB5s3Jm673N82zI4vqtVUPuZdffdZbPDFRoU8kAhItWFtPCWiPpp4/EDg==}

  pvutils@1.1.5:
    resolution: {integrity: sha512-KTqnxsgGiQ6ZAzZCVlJH5eOjSnvlyEgx1m8bkRJfOhmGRqfo5KLvmAlACQkrjEtOQ4B7wF9TdSLIs9O90MX9xA==}
    engines: {node: '>=16.0.0'}

  reflect-metadata@0.2.2:
    resolution: {integrity: sha512-urBwgfrvVP/eAyXx4hluJivBKzuEbSQs9rKWCrCkbSxNv8mxPcUZKeuoF3Uy4mJl3Lwprp6yy5/39VWigZ4K6Q==}

  tslib@1.14.1:
    resolution: {integrity: sha512-Xni35NKzjgMrwevysHTCArtLDpPvye8zV/0E4EyYn43P7/7qvQwPh9BGkHewbMulVntbigmcT7rdX3BNo9wRJg==}

  tslib@2.8.1:
    resolution: {integrity: sha512-oJFu94HQb+KVduSUQL7wnpmqnfmLsOA/nAh6b6EH0wCEoK0/mPeXU6c3wKDV83MkOuHPRHtSXKKU99IBazS/2w==}

  tsyringe@4.10.0:
    resolution: {integrity: sha512-axr3IdNuVIxnaK5XGEUFTu3YmAQ6lllgrvqfEoR16g/HGnYY/6We4oWENtAnzK6/LpJ2ur9PAb80RBt7/U4ugw==}
    engines: {node: '>= 6.0.0'}

snapshots:

  '@hexagon/base64@1.1.28': {}

  '@levischuck/tiny-cbor@0.2.11': {}

  '@peculiar/asn1-android@2.6.0':
    dependencies:
      '@peculiar/asn1-schema': 2.6.0
      asn1js: 3.0.7
      tslib: 2.8.1

  '@peculiar/asn1-cms@2.6.0':
    dependencies:
      '@peculiar/asn1-schema': 2.6.0
      '@peculiar/asn1-x509': 2.6.0
      '@peculiar/asn1-x509-attr': 2.6.0
      asn1js: 3.0.7
      tslib: 2.8.1

  '@peculiar/asn1-csr@2.6.0':
    dependencies:
      '@peculiar/asn1-schema': 2.6.0
      '@peculiar/asn1-x509': 2.6.0
      asn1js: 3.0.7
      tslib: 2.8.1

  '@peculiar/asn1-ecc@2.6.0':
    dependencies:
      '@peculiar/asn1-schema': 2.6.0
      '@peculiar/asn1-x509': 2.6.0
      asn1js: 3.0.7
      tslib: 2.8.1

  '@peculiar/asn1-pfx@2.6.0':
    dependencies:
      '@peculiar/asn1-cms': 2.6.0
      '@peculiar/asn1-pkcs8': 2.6.0
      '@peculiar/asn1-rsa': 2.6.0
      '@peculiar/asn1-schema': 2.6.0
      asn1js: 3.0.7
      tslib: 2.8.1

  '@peculiar/asn1-pkcs8@2.6.0':
    dependencies:
      '@peculiar/asn1-schema': 2.6.0
      '@peculiar/asn1-x509': 2.6.0
      asn1js: 3.0.7
      tslib: 2.8.1

  '@peculiar/asn1-pkcs9@2.6.0':
    dependencies:
      '@peculiar/asn1-cms': 2.6.0
      '@peculiar/asn1-pfx': 2.6.0
      '@peculiar/asn1-pkcs8': 2.6.0
      '@peculiar/asn1-schema': 2.6.0
      '@peculiar/asn1-x509': 2.6.0
      '@peculiar/asn1-x509-attr': 2.6.0
      asn1js: 3.0.7
      tslib: 2.8.1

  '@peculiar/asn1-rsa@2.6.0':
    dependencies:
      '@peculiar/asn1-schema': 2.6.0
      '@peculiar/asn1-x509': 2.6.0
      asn1js: 3.0.7
      tslib: 2.8.1

  '@peculiar/asn1-schema@2.6.0':
    dependencies:
      asn1js: 3.0.7
      pvtsutils: 1.3.6
      tslib: 2.8.1

  '@peculiar/asn1-x509-attr@2.6.0':
    dependencies:
      '@peculiar/asn1-schema': 2.6.0
      '@peculiar/asn1-x509': 2.6.0
      asn1js: 3.0.7
      tslib: 2.8.1

  '@peculiar/asn1-x509@2.6.0':
    dependencies:
      '@peculiar/asn1-schema': 2.6.0
      asn1js: 3.0.7
      pvtsutils: 1.3.6
      tslib: 2.8.1

  '@peculiar/x509@1.14.2':
    dependencies:
      '@peculiar/asn1-cms': 2.6.0
      '@peculiar/asn1-csr': 2.6.0
      '@peculiar/asn1-ecc': 2.6.0
      '@peculiar/asn1-pkcs9': 2.6.0
      '@peculiar/asn1-rsa': 2.6.0
      '@peculiar/asn1-schema': 2.6.0
      '@peculiar/asn1-x509': 2.6.0
      pvtsutils: 1.3.6
      reflect-metadata: 0.2.2
      tslib: 2.8.1
      tsyringe: 4.10.0

  '@simplewebauthn/server@13.2.2':
    dependencies:
      '@hexagon/base64': 1.1.28
      '@levischuck/tiny-cbor': 0.2.11
      '@peculiar/asn1-android': 2.6.0
      '@peculiar/asn1-ecc': 2.6.0
      '@peculiar/asn1-rsa': 2.6.0
      '@peculiar/asn1-schema': 2.6.0
      '@peculiar/asn1-x509': 2.6.0
      '@peculiar/x509': 1.14.2

  asn1js@3.0.7:
    dependencies:
      pvtsutils: 1.3.6
      pvutils: 1.1.5
      tslib: 2.8.1

  node@runtime:22.21.1: {}

  pvtsutils@1.3.6:
    dependencies:
      tslib: 2.8.1

  pvutils@1.1.5: {}

  reflect-metadata@0.2.2: {}

  tslib@1.14.1: {}

  tslib@2.8.1: {}

  tsyringe@4.10.0:
    dependencies:
      tslib: 1.14.1
