lockfileVersion: '9.0'

settings:
  autoInstallPeers: true
  excludeLinksFromLockfile: false

importers:

  .:
    dependencies:
      node:
        specifier: runtime:^22.15.0 || ^24.10.0
        version: 24.12.0

packages:

  node-bin-setup@1.1.4:
    resolution: {integrity: sha512-vWNHOne0ZUavArqPP5LJta50+S8R261Fr5SvGul37HbEDcowvLjwdvd0ZeSr0r2lTSrPxl6okq9QUw8BFGiAxA==}

  node@24.12.0:
    resolution: {integrity: sha512-LiJkH5haaqzS3csrpEhCxTa5/+v/wco0c1XOd/52Emho0AI3PNmcxPs1fqpH3BmtC2N3lt7gbJ7ncObjd9gYJg==}
    engines: {npm: '>=5.0.0'}
    hasBin: true

snapshots:

  node-bin-setup@1.1.4: {}

  node@24.12.0:
    dependencies:
      node-bin-setup: 1.1.4
